
Microsoft Visual Studio Solution File, Format Version 12.00
# Visual Studio Version 17
VisualStudioVersion = 17.0.31903.59
MinimumVisualStudioVersion = 10.0.40219.1
Project("{FAE04EC0-301F-11D3-BF4B-00C04F79EFBC}") = "WebStore.DAL", "WebStore.DAL\WebStore.DAL.csproj", "{C6E5CDB0-BB9D-423B-84F1-F9EB437340D1}"
EndProject
Project("{FAE04EC0-301F-11D3-BF4B-00C04F79EFBC}") = "WebStore.Model", "WebStore.Model\WebStore.Model.csproj", "{A1FDE61B-9CAA-471A-85D5-448B7BF6E8F1}"
EndProject
Project("{FAE04EC0-301F-11D3-BF4B-00C04F79EFBC}") = "WebStore.Services", "WebStore.Services\WebStore.Services.csproj", "{43B9E671-2469-4D4B-8AE2-4C03C0AB4653}"
EndProject
Project("{FAE04EC0-301F-11D3-BF4B-00C04F79EFBC}") = "WebStore.ViewModels", "WebStore.ViewModels\WebStore.ViewModels.csproj", "{EB6DB41C-134A-455B-9551-B9BB3704BEBD}"
EndProject
Project("{FAE04EC0-301F-11D3-BF4B-00C04F79EFBC}") = "WebStore.Web", "WebStore.Web\WebStore.Web.csproj", "{36A1ECA0-DCF6-4AC5-99DC-AC9BB10C4506}"
EndProject
Global
	GlobalSection(SolutionConfigurationPlatforms) = preSolution
		Debug|Any CPU = Debug|Any CPU
		Release|Any CPU = Release|Any CPU
	EndGlobalSection
	GlobalSection(SolutionProperties) = preSolution
		HideSolutionNode = FALSE
	EndGlobalSection
	GlobalSection(ProjectConfigurationPlatforms) = postSolution
		{C6E5CDB0-BB9D-423B-84F1-F9EB437340D1}.Debug|Any CPU.ActiveCfg = Debug|Any CPU
		{C6E5CDB0-BB9D-423B-84F1-F9EB437340D1}.Debug|Any CPU.Build.0 = Debug|Any CPU
		{C6E5CDB0-BB9D-423B-84F1-F9EB437340D1}.Release|Any CPU.ActiveCfg = Release|Any CPU
		{C6E5CDB0-BB9D-423B-84F1-F9EB437340D1}.Release|Any CPU.Build.0 = Release|Any CPU
		{A1FDE61B-9CAA-471A-85D5-448B7BF6E8F1}.Debug|Any CPU.ActiveCfg = Debug|Any CPU
		{A1FDE61B-9CAA-471A-85D5-448B7BF6E8F1}.Debug|Any CPU.Build.0 = Debug|Any CPU
		{A1FDE61B-9CAA-471A-85D5-448B7BF6E8F1}.Release|Any CPU.ActiveCfg = Release|Any CPU
		{A1FDE61B-9CAA-471A-85D5-448B7BF6E8F1}.Release|Any CPU.Build.0 = Release|Any CPU
		{43B9E671-2469-4D4B-8AE2-4C03C0AB4653}.Debug|Any CPU.ActiveCfg = Debug|Any CPU
		{43B9E671-2469-4D4B-8AE2-4C03C0AB4653}.Debug|Any CPU.Build.0 = Debug|Any CPU
		{43B9E671-2469-4D4B-8AE2-4C03C0AB4653}.Release|Any CPU.ActiveCfg = Release|Any CPU
		{43B9E671-2469-4D4B-8AE2-4C03C0AB4653}.Release|Any CPU.Build.0 = Release|Any CPU
		{EB6DB41C-134A-455B-9551-B9BB3704BEBD}.Debug|Any CPU.ActiveCfg = Debug|Any CPU
		{EB6DB41C-134A-455B-9551-B9BB3704BEBD}.Debug|Any CPU.Build.0 = Debug|Any CPU
		{EB6DB41C-134A-455B-9551-B9BB3704BEBD}.Release|Any CPU.ActiveCfg = Release|Any CPU
		{EB6DB41C-134A-455B-9551-B9BB3704BEBD}.Release|Any CPU.Build.0 = Release|Any CPU
		{36A1ECA0-DCF6-4AC5-99DC-AC9BB10C4506}.Debug|Any CPU.ActiveCfg = Debug|Any CPU
		{36A1ECA0-DCF6-4AC5-99DC-AC9BB10C4506}.Debug|Any CPU.Build.0 = Debug|Any CPU
		{36A1ECA0-DCF6-4AC5-99DC-AC9BB10C4506}.Release|Any CPU.ActiveCfg = Release|Any CPU
		{36A1ECA0-DCF6-4AC5-99DC-AC9BB10C4506}.Release|Any CPU.Build.0 = Release|Any CPU
	EndGlobalSection
EndGlobal
